github.com/0xJacky/partialzip v0.2.6 h1:wcsu5B/lvfdMaTTlXv0sncMCcIpbPbUGacVPt8GsK/Y=
github.com/0xJacky/partialzip v0.2.6/go.mod h1:2n2utL76qbzQc517RnQg4Xq9ZtOYdcZKdWzQ00Reqvw=
github.com/pkg/errors v0.9.1 h1:FEBLx1zS214owpjy7qsBeixbURkuhQAwrK5UwLGTwt4=
github.com/pkg/errors v0.9.1/go.mod h1:bwawxfHBFNV+L2hUp1rHADufV3IMtnDRdf1r5NINEl0=
